# This file is generated by running "yarn install" inside your project.
# Manual changes might be lost - proceed with caution!

__metadata:
  version: 10
  cacheKey: 10c0

"@aws-sdk/client-ses@npm:^3.1137.0":
  version: 3.1137.0
  resolution: "@aws-sdk/client-ses@npm:3.1137.0"
  dependencies:
    "@aws-sdk/core": "npm:^3.978.0"
    "@aws-sdk/credential-provider-node": "npm:^3.972.83"
    "@aws-sdk/types": "npm:^3.974.5"
    "@smithy/core": "npm:^3.33.3"
    "@smithy/fetch-http-handler": "npm:^5.7.2"
    "@smithy/node-http-handler": "npm:^4.11.3"
    "@smithy/types": "npm:^4.17.2"
    tslib: "npm:^2.6.2"
  checksum: 10c0/12d9acb54131d0245c44c7785fb318e718f8c43387a0041acf5b6604f6a6df0b53e829dad80b3524c7c065e678b060fd0c1de63bcb9f1c7ffa443994158aecc4
  languageName: node
  linkType: hard

"@aws-sdk/client-sns@npm:^3.1137.0":
  version: 3.1137.0
  resolution: "@aws-sdk/client-sns@npm:3.1137.0"
  dependencies:
    "@aws-sdk/core": "npm:^3.978.0"
    "@aws-sdk/credential-provider-node": "npm:^3.972.83"
    "@aws-sdk/types": "npm:^3.974.5"
    "@smithy/core": "npm:^3.33.3"
    "@smithy/fetch-http-handler": "npm:^5.7.2"
    "@smithy/node-http-handler": "npm:^4.11.3"
    "@smithy/types": "npm:^4.17.2"
    tslib: "npm:^2.6.2"
  checksum: 10c0/20f241153b007a46e7e3b89df91625ac6d927007f65293518a8f5a313bbd4a481014404fe24c4d2ea785b04256b4040233304c6d7b76985f40eebde2892e4296
  languageName: node
  linkType: hard

"@aws-sdk/core@npm:^3.978.0":
  version: 3.978.0
  resolution: "@aws-sdk/core@npm:3.978.0"
  dependencies:
    "@aws-sdk/types": "npm:^3.974.5"
    "@aws-sdk/xml-builder": "npm:^3.972.40"
    "@aws/lambda-invoke-store": "npm:^0.3.0"
    "@smithy/core": "npm:^3.33.3"
    "@smithy/signature-v4": "npm:^5.6.12"
    "@smithy/types": "npm:^4.17.2"
    bowser: "npm:^2.11.0"
    tslib: "npm:^2.6.2"
  checksum: 10c0/ac333ff04ce5c868eb6e5aeadeae7a02be302d95c3b6d9e753c50bc607f8fa56a26f9d96aad9866aba9c57ef8c20dec05910abac0246a8f6cf1c8c6e0f6237a9
  languageName: node
  linkType: hard

"@aws-sdk/credential-provider-env@npm:^3.972.71":
  version: 3.972.71
  resolution: "@aws-sdk/credential-provider-env@npm:3.972.71"
  dependencies:
    "@aws-sdk/core": "npm:^3.978.0"
    "@aws-sdk/types": "npm:^3.974.5"
    "@smithy/core": "npm:^3.33.3"
    "@smithy/types": "npm:^4.17.2"
    tslib: "npm:^2.6.2"
  checksum: 10c0/0e7bfbb37e92c4d3e390c4e508d47fbb7ec25381a9dd0cb79c2e075a79ebe3ee173521c2f9b999b53f415a6a15ad7966c1e1451a997523caa3e1be185e7edee3
  languageName: node
  linkType: hard

"@aws-sdk/credential-provider-http@npm:^3.972.73":
  version: 3.972.73
  resolution: "@aws-sdk/credential-provider-http@npm:3.972.73"
  dependencies:
    "@aws-sdk/core": "npm:^3.978.0"
    "@aws-sdk/types": "npm:^3.974.5"
    "@smithy/core": "npm:^3.33.3"
    "@smithy/fetch-http-handler": "npm:^5.7.2"
    "@smithy/node-http-handler": "npm:^4.11.3"
    "@smithy/types": "npm:^4.17.2"
    tslib: "npm:^2.6.2"
  checksum: 10c0/b9a8a595ed9186395fad43556638e4fb34f26395c69a619c9d406a0c803a104494622ee077c6d970f0bc15c8176a0676921b30a7e38ff093b88d0dc8d5d08f63
  languageName: node
  linkType: hard

"@aws-sdk/credential-provider-ini@npm:^3.973.16":
  version: 3.973.16
  resolution: "@aws-sdk/credential-provider-ini@npm:3.973.16"
  dependencies:
    "@aws-sdk/core": "npm:^3.978.0"
    "@aws-sdk/credential-provider-env": "npm:^3.972.71"
    "@aws-sdk/credential-provider-http": "npm:^3.972.73"
    "@aws-sdk/credential-provider-login": "npm:^3.972.78"
    "@aws-sdk/credential-provider-process": "npm:^3.972.71"
    "@aws-sdk/credential-provider-sso": "npm:^3.973.15"
    "@aws-sdk/credential-provider-web-identity": "npm:^3.972.77"
    "@aws-sdk/nested-clients": "npm:^3.997.45"
    "@aws-sdk/types": "npm:^3.974.5"
    "@smithy/core": "npm:^3.33.3"
    "@smithy/credential-provider-imds": "npm:^4.4.16"
    "@smithy/types": "npm:^4.17.2"
    tslib: "npm:^2.6.2"
  checksum: 10c0/f7acfae0c005fd9b1470a6b328719d9bf8d672c57dd22e9f57e158de3c3712ecac75190662a87e7c62b4201bfaa91a81f962772e8773789515304b2f9e26537a
  languageName: node
  linkType: hard

"@aws-sdk/credential-provider-login@npm:^3.972.78":
  version: 3.972.78
  resolution: "@aws-sdk/credential-provider-login@npm:3.972.78"
  dependencies:
    "@aws-sdk/core": "npm:^3.978.0"
    "@aws-sdk/nested-clients": "npm:^3.997.45"
    "@aws-sdk/types": "npm:^3.974.5"
    "@smithy/core": "npm:^3.33.3"
    "@smithy/types": "npm:^4.17.2"
    tslib: "npm:^2.6.2"
  checksum: 10c0/c86edd5c8cfe7e112cc9498867c6af3e12a73edea9e45ee95406d7ffc06baae42bf22cf30d00be4243a2eea6f192c13cd142669cca9a3dbcd367906018779b1b
  languageName: node
  linkType: hard

"@aws-sdk/credential-provider-node@npm:^3.972.83":
  version: 3.972.83
  resolution: "@aws-sdk/credential-provider-node@npm:3.972.83"
  dependencies:
    "@aws-sdk/credential-provider-env": "npm:^3.972.71"
    "@aws-sdk/credential-provider-http": "npm:^3.972.73"
    "@aws-sdk/credential-provider-ini": "npm:^3.973.16"
    "@aws-sdk/credential-provider-process": "npm:^3.972.71"
    "@aws-sdk/credential-provider-sso": "npm:^3.973.15"
    "@aws-sdk/credential-provider-web-identity": "npm:^3.972.77"
    "@aws-sdk/types": "npm:^3.974.5"
    "@smithy/core": "npm:^3.33.3"
    "@smithy/credential-provider-imds": "npm:^4.4.16"
    "@smithy/types": "npm:^4.17.2"
    tslib: "npm:^2.6.2"
  checksum: 10c0/50ad40d4771d3ba46c295bb504bea470fba73237e3e01f34646fd14141428d7e4d85adb73fe73f0a6e4d84b462002cad702521b7f3cea1e6a1e75711b198e22c
  languageName: node
  linkType: hard

"@aws-sdk/credential-provider-process@npm:^3.972.71":
  version: 3.972.71
  resolution: "@aws-sdk/credential-provider-process@npm:3.972.71"
  dependencies:
    "@aws-sdk/core": "npm:^3.978.0"
    "@aws-sdk/types": "npm:^3.974.5"
    "@smithy/core": "npm:^3.33.3"
    "@smithy/types": "npm:^4.17.2"
    tslib: "npm:^2.6.2"
  checksum: 10c0/a4d55be31ad01c2307ae6bb4b6b30b8be5690276e7c3bfc0ff194e8aa788ff81bde7f6c3641094a886dc6304ced38f03bbc72fce4598cfaa1a2952a267327cd7
  languageName: node
  linkType: hard

"@aws-sdk/credential-provider-sso@npm:^3.973.15":
  version: 3.973.15
  resolution: "@aws-sdk/credential-provider-sso@npm:3.973.15"
  dependencies:
    "@aws-sdk/core": "npm:^3.978.0"
    "@aws-sdk/nested-clients": "npm:^3.997.45"
    "@aws-sdk/token-providers": "npm:3.1129.0"
    "@aws-sdk/types": "npm:^3.974.5"
    "@smithy/core": "npm:^3.33.3"
    "@smithy/types": "npm:^4.17.2"
    tslib: "npm:^2.6.2"
  checksum: 10c0/0dc16806de6000795b25a933bf940af9ed9a70e129c66685ce40ddb4c84f449cc8dacafcd10103e808c7b6c1aceb7a08a00c8d3646de37d369291c4eb37a7c46
  languageName: node
  linkType: hard

"@aws-sdk/credential-provider-web-identity@npm:^3.972.77":
  version: 3.972.77
  resolution: "@aws-sdk/credential-provider-web-identity@npm:3.972.77"
  dependencies:
    "@aws-sdk/core": "npm:^3.978.0"
    "@aws-sdk/nested-clients": "npm:^3.997.45"
    "@aws-sdk/types": "npm:^3.974.5"
    "@smithy/core": "npm:^3.33.3"
    "@smithy/types": "npm:^4.17.2"
    tslib: "npm:^2.6.2"
  checksum: 10c0/a2ed48d01eb850a0ee5e72287f02ff1402aa2eab8042b4e237fa636a58b566ee46cb1bf235ae6d61dbb6a6b4ebd44ce1d74f8aba71a250db27557746ce1d3021
  languageName: node
  linkType: hard

"@aws-sdk/nested-clients@npm:^3.997.45":
  version: 3.997.45
  resolution: "@aws-sdk/nested-clients@npm:3.997.45"
  dependencies:
    "@aws-sdk/core": "npm:^3.978.0"
    "@aws-sdk/signature-v4-multi-region": "npm:^3.996.46"
    "@aws-sdk/types": "npm:^3.974.5"
    "@smithy/core": "npm:^3.33.3"
    "@smithy/fetch-http-handler": "npm:^5.7.2"
    "@smithy/node-http-handler": "npm:^4.11.3"
    "@smithy/types": "npm:^4.17.2"
    tslib: "npm:^2.6.2"
  checksum: 10c0/ef65f970b8e0aa55bf7a837fefbf3a042f247dc4fd7291bc0d64c5115c825e2785d8684a62e97ea7f519ed9a4251b922fbe84e6278dd77d45f1d7cf740dd525d
  languageName: node
  linkType: hard

"@aws-sdk/signature-v4-multi-region@npm:^3.996.46":
  version: 3.996.46
  resolution: "@aws-sdk/signature-v4-multi-region@npm:3.996.46"
  dependencies:
    "@aws-sdk/types": "npm:^3.974.5"
    "@smithy/signature-v4": "npm:^5.6.12"
    "@smithy/types": "npm:^4.17.2"
    tslib: "npm:^2.6.2"
  checksum: 10c0/069dfb7a95663cad2e0aec1d87df8a800abad33cb49dfbe9412dad2d63ab6350328c6165166b12d50e609d8dbe5a5536aa6b1101be4d91584fbca76b2fea4d00
  languageName: node
  linkType: hard

"@aws-sdk/token-providers@npm:3.1129.0":
  version: 3.1129.0
  resolution: "@aws-sdk/token-providers@npm:3.1129.0"
  dependencies:
    "@aws-sdk/core": "npm:^3.978.0"
    "@aws-sdk/nested-clients": "npm:^3.997.45"
    "@aws-sdk/types": "npm:^3.974.5"
    "@smithy/core": "npm:^3.33.3"
    "@smithy/types": "npm:^4.17.2"
    tslib: "npm:^2.6.2"
  checksum: 10c0/bbdfaa58f2d7e7f2aa11d826d604b3464896a1149d0ab83757c1f59ec1b267a2887626a1aa8ad2859f2871e442c0a46d28215d490c8a604e54ea55216d9b7621
  languageName: node
  linkType: hard

"@aws-sdk/types@npm:^3.974.5":
  version: 3.974.5
  resolution: "@aws-sdk/types@npm:3.974.5"
  dependencies:
    "@smithy/types": "npm:^4.17.2"
    tslib: "npm:^2.6.2"
  checksum: 10c0/803aaaa1c0675dcb564803993f3c47d96302fad461af8af80e75afc40c72228ebf669593c18e44ca09fc5acf0d1bd25966261de07844d8f11ad82aa2650252d0
  languageName: node
  linkType: hard

"@aws-sdk/xml-builder@npm:^3.972.40":
  version: 3.972.40
  resolution: "@aws-sdk/xml-builder@npm:3.972.40"
  dependencies:
    "@smithy/types": "npm:^4.17.2"
    tslib: "npm:^2.6.2"
  checksum: 10c0/5b06fa0466b5ddb0e33138dc16f6a30e11e52fc5ea71f3ed72af7b24621d29c9e8103df3eed9c4f14cef50f4d345dd9e7021242a8c155a67869ee4ce79982bb4
  languageName: node
  linkType: hard

"@aws/lambda-invoke-store@npm:^0.3.0":
  version: 0.3.0
  resolution: "@aws/lambda-invoke-store@npm:0.3.0"
  checksum: 10c0/b4a2e6b3b5397bc606053e64270d26dc5c886336f88a98cad587b1592eec17058f8fb172f1827a9f0e591f3595cf8f01575c8c9b36cde38c06456f8a65204046
  languageName: node
  linkType: hard

"@elastic/elasticsearch@npm:^9.5.1":
  version: 9.5.1
  resolution: "@elastic/elasticsearch@npm:9.5.1"
  dependencies:
    "@elastic/transport": "npm:^9.4.0"
    tslib: "npm:^2.4.0"
  peerDependencies:
    apache-arrow: 18.x - 21.x
  peerDependenciesMeta:
    apache-arrow:
      optional: true
  checksum: 10c0/6e379c22b799edfec8315c6a4fa9bed02e9e2eb8c7c7d6d2644ba3638ccad47cac7e9da9ef8961ff91f91f820e8155be77bfd8985d8b531bafe830447f659a38
  languageName: node
  linkType: hard

"@elastic/transport@npm:^9.4.0":
  version: 9.4.0
  resolution: "@elastic/transport@npm:9.4.0"
  dependencies:
    "@opentelemetry/api": "npm:1.x"
    "@opentelemetry/core": "npm:2.x"
    debug: "npm:^4.4.1"
    hpagent: "npm:^1.2.0"
    ms: "npm:^2.1.3"
    secure-json-parse: "npm:^4.0.0"
    tslib: "npm:^2.8.1"
    undici: "npm:^7.19.1"
  checksum: 10c0/a3a32beb4f21ec0bfabe7ee9ed53885dd0ed95a09e13b7a63b05c147dfa503016143f445a973169c13348632e7737442129648548123c6bb80196ad12b1574d1
  languageName: node
  linkType: hard

"@grpc/grpc-js@npm:^1.14.5":
  version: 1.14.5
  resolution: "@grpc/grpc-js@npm:1.14.5"
  dependencies:
    "@grpc/proto-loader": "npm:^0.8.0"
    "@js-sdsl/ordered-map": "npm:^4.4.2"
  checksum: 10c0/25a44d80127ed166181fc3db25d9815a62081e33331938bdae31830296ec94a1c8ed3ade79fae26642ec3158e97a79936145c680f95c19528ffff334cca491e0
  languageName: node
  linkType: hard

"@grpc/proto-loader@npm:^0.8.0, @grpc/proto-loader@npm:^0.8.1":
  version: 0.8.1
  resolution: "@grpc/proto-loader@npm:0.8.1"
  dependencies:
    lodash.camelcase: "npm:^4.3.0"
    long: "npm:^5.0.0"
    protobufjs: "npm:^7.5.5"
    yargs: "npm:^17.7.2"
  bin:
    proto-loader-gen-types: build/bin/proto-loader-gen-types.js
  checksum: 10c0/900814c2cbedd76ce5de083adc0696f746a652a79eeb09e8d04d53b864179e2c9aa127997b9bba8ef5f0ce0c11ee700a0e467732eb6cb1f3efdb952583533ccf
  languageName: node
  linkType: hard

"@js-sdsl/ordered-map@npm:^4.4.2":
  version: 4.4.2
  resolution: "@js-sdsl/ordered-map@npm:4.4.2"
  checksum: 10c0/cc7e15dc4acf6d9ef663757279600bab70533d847dcc1ab01332e9e680bd30b77cdf9ad885cc774276f51d98b05a013571c940e5b360985af5eb798dc1a2ee2b
  languageName: node
  linkType: hard

"@opentelemetry/api@npm:1.x":
  version: 1.9.1
  resolution: "@opentelemetry/api@npm:1.9.1"
  checksum: 10c0/c608485fc8b5a91e1f7e05e843b45b509307456b31cd2ad365933d90813e40ebfedf179f1451c762037e82d7c76aa8500e95d2da3609f640a1206cde5322cd14
  languageName: node
  linkType: hard

"@opentelemetry/core@npm:2.x":
  version: 2.11.0
  resolution: "@opentelemetry/core@npm:2.11.0"
  dependencies:
    "@opentelemetry/semantic-conventions": "npm:^1.29.0"
  peerDependencies:
    "@opentelemetry/api": ">=1.0.0 <1.10.0"
  checksum: 10c0/00fdc61232b1a751f9e3a95872d1062b499d6d35057de635dca3b5c51d4c2180415d9cbee8b0609c59498fc330c0a5bb2afd259fd227045882c06c6e4009b0c9
  languageName: node
  linkType: hard

"@opentelemetry/semantic-conventions@npm:^1.29.0":
  version: 1.43.0
  resolution: "@opentelemetry/semantic-conventions@npm:1.43.0"
  checksum: 10c0/ea4b4b07c9414b0c5e7ce7349f608cb2572d16922d96077fb0882b59f173ec9b94aada74896bd5dd4aeb1759924503bd5a34b6dc2847a84c36f71626a0578ec4
  languageName: node
  linkType: hard

"@protobufjs/aspromise@npm:^1.1.1, @protobufjs/aspromise@npm:^1.1.2":
  version: 1.1.2
  resolution: "@protobufjs/aspromise@npm:1.1.2"
  checksum: 10c0/a83343a468ff5b5ec6bff36fd788a64c839e48a07ff9f4f813564f58caf44d011cd6504ed2147bf34835bd7a7dd2107052af755961c6b098fd8902b4f6500d0f
  languageName: node
  linkType: hard

"@protobufjs/base64@npm:^1.1.2":
  version: 1.1.2
  resolution: "@protobufjs/base64@npm:1.1.2"
  checksum: 10c0/eec925e681081af190b8ee231f9bad3101e189abbc182ff279da6b531e7dbd2a56f1f306f37a80b1be9e00aa2d271690d08dcc5f326f71c9eed8546675c8caf6
  languageName: node
  linkType: hard

"@protobufjs/codegen@npm:^2.0.5":
  version: 2.0.5
  resolution: "@protobufjs/codegen@npm:2.0.5"
  checksum: 10c0/1b8a2ae56ee60a56e9d205cd4b6072a1503c5069b8ebb905710f974ff0098a0d0700641c137e0a8d98dedf14423156a106a9433695cbf52574810f55000fdcab
  languageName: node
  linkType: hard

"@protobufjs/eventemitter@npm:^1.1.1":
  version: 1.1.1
  resolution: "@protobufjs/eventemitter@npm:1.1.1"
  checksum: 10c0/8e06193d4629c5e7c09d4f8c2ddba8fc4dfa739f0149f33a1d901568d35bb7b8b5277a4e8452baf3bdd0b302fd599cf255d193267aa93a0a4747e23cd073c4ac
  languageName: node
  linkType: hard

"@protobufjs/fetch@npm:^1.1.1":
  version: 1.1.1
  resolution: "@protobufjs/fetch@npm:1.1.1"
  dependencies:
    "@protobufjs/aspromise": "npm:^1.1.1"
  checksum: 10c0/a497ff5433854e8577f0427983ea39b9113b49a8120f94515291d763327061d2c3013e60e24ea436d091dafae01a0f6eb1867e3b1616045d96a31d8b3c646ed4
  languageName: node
  linkType: hard

"@protobufjs/float@npm:^1.0.2":
  version: 1.0.2
  resolution: "@protobufjs/float@npm:1.0.2"
  checksum: 10c0/18f2bdede76ffcf0170708af15c9c9db6259b771e6b84c51b06df34a9c339dbbeec267d14ce0bddd20acc142b1d980d983d31434398df7f98eb0c94a0eb79069
  languageName: node
  linkType: hard

"@protobufjs/path@npm:^1.1.2":
  version: 1.1.2
  resolution: "@protobufjs/path@npm:1.1.2"
  checksum: 10c0/cece0a938e7f5dfd2fa03f8c14f2f1cf8b0d6e13ac7326ff4c96ea311effd5fb7ae0bba754fbf505312af2e38500250c90e68506b97c02360a43793d88a0d8b4
  languageName: node
  linkType: hard

"@protobufjs/pool@npm:^1.1.0":
  version: 1.1.0
  resolution: "@protobufjs/pool@npm:1.1.0"
  checksum: 10c0/eda2718b7f222ac6e6ad36f758a92ef90d26526026a19f4f17f668f45e0306a5bd734def3f48f51f8134ae0978b6262a5c517c08b115a551756d1a3aadfcf038
  languageName: node
  linkType: hard

"@protobufjs/utf8@npm:^1.1.1":
  version: 1.1.2
  resolution: "@protobufjs/utf8@npm:1.1.2"
  checksum: 10c0/975c6e2c0319bd50c17531d186b537a88cb4d3205e3ca9297cd842b631d341da0ee3ff16be8656cd2660756dc753b29c8a6a14c0ad8ed602c1f91ddf22e7b3f3
  languageName: node
  linkType: hard

"@smithy/core@npm:^3.33.2, @smithy/core@npm:^3.33.3":
  version: 3.34.1
  resolution: "@smithy/core@npm:3.34.1"
  dependencies:
    "@smithy/types": "npm:^4.18.0"
    tslib: "npm:^2.6.2"
  checksum: 10c0/66f846e884e6a3cd4df102f1d6c96b20a04390a0ef4051dd172a83e302b3f3cf7a8d735ac0fd215e878117bfb77a95e7bdc81521c3d3bf0bce9ea1c6d9ff8b24
  languageName: node
  linkType: hard

"@smithy/credential-provider-imds@npm:^4.4.16":
  version: 4.5.2
  resolution: "@smithy/credential-provider-imds@npm:4.5.2"
  dependencies:
    "@smithy/core": "npm:^3.33.2"
    "@smithy/types": "npm:^4.17.2"
    tslib: "npm:^2.6.2"
  checksum: 10c0/d5481a7797a1f485849d92f6c188cfb9411736ae2469e27394b863e107dd1024266baa8e3a62cfc3f75b3abfd84b3c389955a0e96b64c4ad90462c70bbe66ab0
  languageName: node
  linkType: hard

"@smithy/fetch-http-handler@npm:^5.7.2":
  version: 5.8.0
  resolution: "@smithy/fetch-http-handler@npm:5.8.0"
  dependencies:
    "@smithy/core": "npm:^3.33.3"
    "@smithy/types": "npm:^4.18.0"
    tslib: "npm:^2.6.2"
  checksum: 10c0/8035961bad01fd80de32caf2bb9b035cf6e102c8586790017660fa4440ba0e9ee126942b58f2ca456e94972e90c25d863378939c252b903d2741c7b05f202279
  languageName: node
  linkType: hard

"@smithy/node-http-handler@npm:^4.11.3":
  version: 4.12.1
  resolution: "@smithy/node-http-handler@npm:4.12.1"
  dependencies:
    "@smithy/core": "npm:^3.33.3"
    "@smithy/types": "npm:^4.18.0"
    tslib: "npm:^2.6.2"
  checksum: 10c0/a657259f8ebbff531cad854e9e12ff3f98b84c095965f4f9a6e8a3e1af4f5bbbb1bc8a7228df220663872c2eef74b5403d148dbe6be1edee06a3baa93cbeb5dc
  languageName: node
  linkType: hard

"@smithy/signature-v4@npm:^5.6.12":
  version: 5.7.3
  resolution: "@smithy/signature-v4@npm:5.7.3"
  dependencies:
    "@smithy/core": "npm:^3.33.3"
    "@smithy/types": "npm:^4.17.2"
    tslib: "npm:^2.6.2"
  checksum: 10c0/6976142320c7c112ee817f5329d0adc45c1ec101a095a70e4afcb7e3fa9f18cd4f544dcbb481e1932fb877197ec9e1037054bacda422cccfd8de7eed55905319
  languageName: node
  linkType: hard

"@smithy/types@npm:^4.17.2, @smithy/types@npm:^4.18.0":
  version: 4.18.0
  resolution: "@smithy/types@npm:4.18.0"
  dependencies:
    tslib: "npm:^2.6.2"
  checksum: 10c0/f948eaf2c6004ce919a5a203615da4d2d4923465df764c2f6ab982fcacde10c81e1fd23c40f983387459ffdad056f8e827ebecaa776a4331ed4f6431ad8bdd34
  languageName: node
  linkType: hard

"@types/node@npm:>=13.7.0":
  version: 26.6.2
  resolution: "@types/node@npm:26.6.2"
  dependencies:
    undici-types: "npm:~8.9.0"
  checksum: 10c0/bb411ff5863a79a28ffa4ebadf2499d44046aa114d25a7a6c78f57def118123a0a7dea99e8fe38849099e9dba2b41b8853a7a282037618559f58653c35e7c5c5
  languageName: node
  linkType: hard

"ansi-regex@npm:^5.0.1":
  version: 5.0.1
  resolution: "ansi-regex@npm:5.0.1"
  checksum: 10c0/9a64bb8627b434ba9327b60c027742e5d17ac69277960d041898596271d992d4d52ba7267a63ca10232e29f6107fc8a835f6ce8d719b88c5f8493f8254813737
  languageName: node
  linkType: hard

"ansi-styles@npm:^4.0.0":
  version: 4.3.0
  resolution: "ansi-styles@npm:4.3.0"
  dependencies:
    color-convert: "npm:^2.0.1"
  checksum: 10c0/895a23929da416f2bd3de7e9cb4eabd340949328ab85ddd6e484a637d8f6820d485f53933446f5291c3b760cbc488beb8e88573dd0f9c7daf83dccc8fe81b041
  languageName: node
  linkType: hard

"backend-service-b@workspace:.":
  version: 0.0.0-use.local
  resolution: "backend-service-b@workspace:."
  dependencies:
    "@aws-sdk/client-ses": "npm:^3.1137.0"
    "@aws-sdk/client-sns": "npm:^3.1137.0"
    "@elastic/elasticsearch": "npm:^9.5.1"
    "@grpc/grpc-js": "npm:^1.14.5"
    "@grpc/proto-loader": "npm:^0.8.1"
    dotenv: "npm:^16.4.5"
  languageName: unknown
  linkType: soft

"bowser@npm:^2.11.0":
  version: 2.14.1
  resolution: "bowser@npm:2.14.1"
  checksum: 10c0/bb69b55ba7f0456e3dc07d0cfd9467f985581f640ba8fd426b08754a6737ee0d6cf3b50607941e5255f04c83075b952ece0599f978dd4d20f1e95461104c5ffd
  languageName: node
  linkType: hard

"cliui@npm:^8.0.1":
  version: 8.0.1
  resolution: "cliui@npm:8.0.1"
  dependencies:
    string-width: "npm:^4.2.0"
    strip-ansi: "npm:^6.0.1"
    wrap-ansi: "npm:^7.0.0"
  checksum: 10c0/4bda0f09c340cbb6dfdc1ed508b3ca080f12992c18d68c6be4d9cf51756033d5266e61ec57529e610dacbf4da1c634423b0c1b11037709cc6b09045cbd815df5
  languageName: node
  linkType: hard

"color-convert@npm:^2.0.1":
  version: 2.0.1
  resolution: "color-convert@npm:2.0.1"
  dependencies:
    color-name: "npm:~1.1.4"
  checksum: 10c0/37e1150172f2e311fe1b2df62c6293a342ee7380da7b9cfdba67ea539909afbd74da27033208d01d6d5cfc65ee7868a22e18d7e7648e004425441c0f8a15a7d7
  languageName: node
  linkType: hard

"color-name@npm:~1.1.4":
  version: 1.1.4
  resolution: "color-name@npm:1.1.4"
  checksum: 10c0/a1a3f914156960902f46f7f56bc62effc6c94e84b2cae157a526b1c1f74b677a47ec602bf68a61abfa2b42d15b7c5651c6dbe72a43af720bc588dff885b10f95
  languageName: node
  linkType: hard

"debug@npm:^4.4.1":
  version: 4.4.3
  resolution: "debug@npm:4.4.3"
  dependencies:
    ms: "npm:^2.1.3"
  peerDependenciesMeta:
    supports-color:
      optional: true
  checksum: 10c0/d79136ec6c83ecbefd0f6a5593da6a9c91ec4d7ddc4b54c883d6e71ec9accb5f67a1a5e96d00a328196b5b5c86d365e98d8a3a70856aaf16b4e7b1985e67f5a6
  languageName: node
  linkType: hard

"dotenv@npm:^16.4.5":
  version: 16.6.1
  resolution: "dotenv@npm:16.6.1"
  checksum: 10c0/15ce56608326ea0d1d9414a5c8ee6dcf0fffc79d2c16422b4ac2268e7e2d76ff5a572d37ffe747c377de12005f14b3cc22361e79fc7f1061cce81f77d2c973dc
  languageName: node
  linkType: hard

"emoji-regex@npm:^8.0.0":
  version: 8.0.0
  resolution: "emoji-regex@npm:8.0.0"
  checksum: 10c0/b6053ad39951c4cf338f9092d7bfba448cdfd46fe6a2a034700b149ac9ffbc137e361cbd3c442297f86bed2e5f7576c1b54cc0a6bf8ef5106cc62f496af35010
  languageName: node
  linkType: hard

"escalade@npm:^3.1.1":
  version: 3.2.0
  resolution: "escalade@npm:3.2.0"
  checksum: 10c0/ced4dd3a78e15897ed3be74e635110bbf3b08877b0a41be50dcb325ee0e0b5f65fc2d50e9845194d7c4633f327e2e1c6cce00a71b617c5673df0374201d67f65
  languageName: node
  linkType: hard

"get-caller-file@npm:^2.0.5":
  version: 2.0.5
  resolution: "get-caller-file@npm:2.0.5"
  checksum: 10c0/c6c7b60271931fa752aeb92f2b47e355eac1af3a2673f47c9589e8f8a41adc74d45551c1bc57b5e66a80609f10ffb72b6f575e4370d61cc3f7f3aaff01757cde
  languageName: node
  linkType: hard

"hpagent@npm:^1.2.0":
  version: 1.2.0
  resolution: "hpagent@npm:1.2.0"
  checksum: 10c0/505ef42e5e067dba701ea21e7df9fa73f6f5080e59d53680829827d34cd7040f1ecf7c3c8391abe9df4eb4682ef4a4321608836b5b70a61b88c1b3a03d77510b
  languageName: node
  linkType: hard

"is-fullwidth-code-point@npm:^3.0.0":
  version: 3.0.0
  resolution: "is-fullwidth-code-point@npm:3.0.0"
  checksum: 10c0/bb11d825e049f38e04c06373a8d72782eee0205bda9d908cc550ccb3c59b99d750ff9537982e01733c1c94a58e35400661f57042158ff5e8f3e90cf936daf0fc
  languageName: node
  linkType: hard

"lodash.camelcase@npm:^4.3.0":
  version: 4.3.0
  resolution: "lodash.camelcase@npm:4.3.0"
  checksum: 10c0/fcba15d21a458076dd309fce6b1b4bf611d84a0ec252cb92447c948c533ac250b95d2e00955801ebc367e5af5ed288b996d75d37d2035260a937008e14eaf432
  languageName: node
  linkType: hard

"long@npm:^5.0.0, long@npm:^5.3.2":
  version: 5.3.2
  resolution: "long@npm:5.3.2"
  checksum: 10c0/7130fe1cbce2dca06734b35b70d380ca3f70271c7f8852c922a7c62c86c4e35f0c39290565eca7133c625908d40e126ac57c02b1b1a4636b9457d77e1e60b981
  languageName: node
  linkType: hard

"ms@npm:^2.1.3":
  version: 2.1.3
  resolution: "ms@npm:2.1.3"
  checksum: 10c0/d924b57e7312b3b63ad21fc5b3dc0af5e78d61a1fc7cfb5457edaf26326bf62be5307cc87ffb6862ef1c2b33b0233cdb5d4f01c4c958cc0d660948b65a287a48
  languageName: node
  linkType: hard

"protobufjs@npm:^7.5.5":
  version: 7.6.6
  resolution: "protobufjs@npm:7.6.6"
  dependencies:
    "@protobufjs/aspromise": "npm:^1.1.2"
    "@protobufjs/base64": "npm:^1.1.2"
    "@protobufjs/codegen": "npm:^2.0.5"
    "@protobufjs/eventemitter": "npm:^1.1.1"
    "@protobufjs/fetch": "npm:^1.1.1"
    "@protobufjs/float": "npm:^1.0.2"
    "@protobufjs/path": "npm:^1.1.2"
    "@protobufjs/pool": "npm:^1.1.0"
    "@protobufjs/utf8": "npm:^1.1.1"
    "@types/node": "npm:>=13.7.0"
    long: "npm:^5.3.2"
  checksum: 10c0/6c0dc6d4a2801825e39417bc116297d5261c0cf28892a5e28adafc13432331c0cb75603bbe50ad6f2715f3b0a9ce2896591ad6b51fdc8eae2d05b9ac2e4a8ec1
  languageName: node
  linkType: hard

"require-directory@npm:^2.1.1":
  version: 2.1.1
  resolution: "require-directory@npm:2.1.1"
  checksum: 10c0/83aa76a7bc1531f68d92c75a2ca2f54f1b01463cb566cf3fbc787d0de8be30c9dbc211d1d46be3497dac5785fe296f2dd11d531945ac29730643357978966e99
  languageName: node
  linkType: hard

"secure-json-parse@npm:^4.0.0":
  version: 4.1.0
  resolution: "secure-json-parse@npm:4.1.0"
  checksum: 10c0/52b3f8125ea974db1333a5b63e6a1df550c36c0d5f9a263911d6732812bd02e938b30be324dcbbb9da3ef9bf5a84849e0dd911f56544003d3c09e8eee12504de
  languageName: node
  linkType: hard

"string-width@npm:^4.1.0, string-width@npm:^4.2.0, string-width@npm:^4.2.3":
  version: 4.2.3
  resolution: "string-width@npm:4.2.3"
  dependencies:
    emoji-regex: "npm:^8.0.0"
    is-fullwidth-code-point: "npm:^3.0.0"
    strip-ansi: "npm:^6.0.1"
  checksum: 10c0/1e525e92e5eae0afd7454086eed9c818ee84374bb80328fc41217ae72ff5f065ef1c9d7f72da41de40c75fa8bb3dee63d92373fd492c84260a552c636392a47b
  languageName: node
  linkType: hard

"strip-ansi@npm:^6.0.0, strip-ansi@npm:^6.0.1":
  version: 6.0.1
  resolution: "strip-ansi@npm:6.0.1"
  dependencies:
    ansi-regex: "npm:^5.0.1"
  checksum: 10c0/1ae5f212a126fe5b167707f716942490e3933085a5ff6c008ab97ab2f272c8025d3aa218b7bd6ab25729ca20cc81cddb252102f8751e13482a5199e873680952
  languageName: node
  linkType: hard

"tslib@npm:^2.4.0, tslib@npm:^2.6.2, tslib@npm:^2.8.1":
  version: 2.8.1
  resolution: "tslib@npm:2.8.1"
  checksum: 10c0/9c4759110a19c53f992d9aae23aac5ced636e99887b51b9e61def52611732872ff7668757d4e4c61f19691e36f4da981cd9485e869b4a7408d689f6bf1f14e62
  languageName: node
  linkType: hard

"undici-types@npm:~8.9.0":
  version: 8.9.0
  resolution: "undici-types@npm:8.9.0"
  checksum: 10c0/51c712c20c087368f62c6fc0f2bc49fa76bfe5dec28ff01584bb677ff29b0622569783c02d43e151143808c48c0503f804093bd2c491b10f2a830138034cb451
  languageName: node
  linkType: hard

"undici@npm:^7.19.1":
  version: 7.29.1
  resolution: "undici@npm:7.29.1"
  checksum: 10c0/5a419b1364531071ebdfd93748f7f2392d4eb6d68dd99814e1020f8fc6a517e3298129004c871516ee204bac68aba93541f587200b04a7449b8d45683a7d86f6
  languageName: node
  linkType: hard

"wrap-ansi@npm:^7.0.0":
  version: 7.0.0
  resolution: "wrap-ansi@npm:7.0.0"
  dependencies:
    ansi-styles: "npm:^4.0.0"
    string-width: "npm:^4.1.0"
    strip-ansi: "npm:^6.0.0"
  checksum: 10c0/d15fc12c11e4cbc4044a552129ebc75ee3f57aa9c1958373a4db0292d72282f54373b536103987a4a7594db1ef6a4f10acf92978f79b98c49306a4b58c77d4da
  languageName: node
  linkType: hard

"y18n@npm:^5.0.5":
  version: 5.0.8
  resolution: "y18n@npm:5.0.8"
  checksum: 10c0/4df2842c36e468590c3691c894bc9cdbac41f520566e76e24f59401ba7d8b4811eb1e34524d57e54bc6d864bcb66baab7ffd9ca42bf1eda596618f9162b91249
  languageName: node
  linkType: hard

"yargs-parser@npm:^21.1.1":
  version: 21.1.1
  resolution: "yargs-parser@npm:21.1.1"
  checksum: 10c0/f84b5e48169479d2f402239c59f084cfd1c3acc197a05c59b98bab067452e6b3ea46d4dd8ba2985ba7b3d32a343d77df0debd6b343e5dae3da2aab2cdf5886b2
  languageName: node
  linkType: hard

"yargs@npm:^17.7.2":
  version: 17.7.3
  resolution: "yargs@npm:17.7.3"
  dependencies:
    cliui: "npm:^8.0.1"
    escalade: "npm:^3.1.1"
    get-caller-file: "npm:^2.0.5"
    require-directory: "npm:^2.1.1"
    string-width: "npm:^4.2.3"
    y18n: "npm:^5.0.5"
    yargs-parser: "npm:^21.1.1"
  checksum: 10c0/7a28572f7e785a57886e34fdbddb9b28756dec552e1453d5f6e7cdd00ad8721a4e8c4321d33683f5e61cacb36ad43258adbb48396b71ec4ed14abee0fc0d0c1f
  languageName: node
  linkType: hard
