# This file is generated by running "yarn install" inside your project.
# Manual changes might be lost - proceed with caution!

__metadata:
  version: 10
  cacheKey: 10c0

"@emnapi/runtime@npm:^1.7.0":
  version: 1.11.3
  resolution: "@emnapi/runtime@npm:1.11.3"
  dependencies:
    tslib: "npm:^2.4.0"
  checksum: 10c0/a00f1020fefb9d4145c367f93a9fddb383a00da8ffd7871e20b19659890379b83aeecb9f84d7d0eda5456343f4a09eb05b0acb5153b0d3d889539dedb1ed87c3
  languageName: node
  linkType: hard

"@img/colour@npm:^1.0.0":
  version: 1.1.0
  resolution: "@img/colour@npm:1.1.0"
  checksum: 10c0/2ebea2c0bbaee73b99badcefa04e1e71d83f36e5369337d3121dca841f4569533c4e2faddda6d62dd247f0d5cca143711f9446c59bcce81e427ba433a7a94a17
  languageName: node
  linkType: hard

"@img/sharp-darwin-arm64@npm:0.34.5":
  version: 0.34.5
  resolution: "@img/sharp-darwin-arm64@npm:0.34.5"
  dependencies:
    "@img/sharp-libvips-darwin-arm64": "npm:1.2.4"
  dependenciesMeta:
    "@img/sharp-libvips-darwin-arm64":
      optional: true
  conditions: os=darwin & cpu=arm64
  languageName: node
  linkType: hard

"@img/sharp-darwin-x64@npm:0.34.5":
  version: 0.34.5
  resolution: "@img/sharp-darwin-x64@npm:0.34.5"
  dependencies:
    "@img/sharp-libvips-darwin-x64": "npm:1.2.4"
  dependenciesMeta:
    "@img/sharp-libvips-darwin-x64":
      optional: true
  conditions: os=darwin & cpu=x64
  languageName: node
  linkType: hard

"@img/sharp-libvips-darwin-arm64@npm:1.2.4":
  version: 1.2.4
  resolution: "@img/sharp-libvips-darwin-arm64@npm:1.2.4"
  conditions: os=darwin & cpu=arm64
  languageName: node
  linkType: hard

"@img/sharp-libvips-darwin-x64@npm:1.2.4":
  version: 1.2.4
  resolution: "@img/sharp-libvips-darwin-x64@npm:1.2.4"
  conditions: os=darwin & cpu=x64
  languageName: node
  linkType: hard

"@img/sharp-libvips-linux-arm64@npm:1.2.4":
  version: 1.2.4
  resolution: "@img/sharp-libvips-linux-arm64@npm:1.2.4"
  conditions: os=linux & cpu=arm64 & libc=glibc
  languageName: node
  linkType: hard

"@img/sharp-libvips-linux-arm@npm:1.2.4":
  version: 1.2.4
  resolution: "@img/sharp-libvips-linux-arm@npm:1.2.4"
  conditions: os=linux & cpu=arm & libc=glibc
  languageName: node
  linkType: hard

"@img/sharp-libvips-linux-ppc64@npm:1.2.4":
  version: 1.2.4
  resolution: "@img/sharp-libvips-linux-ppc64@npm:1.2.4"
  conditions: os=linux & cpu=ppc64 & libc=glibc
  languageName: node
  linkType: hard

"@img/sharp-libvips-linux-riscv64@npm:1.2.4":
  version: 1.2.4
  resolution: "@img/sharp-libvips-linux-riscv64@npm:1.2.4"
  conditions: os=linux & cpu=riscv64 & libc=glibc
  languageName: node
  linkType: hard

"@img/sharp-libvips-linux-s390x@npm:1.2.4":
  version: 1.2.4
  resolution: "@img/sharp-libvips-linux-s390x@npm:1.2.4"
  conditions: os=linux & cpu=s390x & libc=glibc
  languageName: node
  linkType: hard

"@img/sharp-libvips-linux-x64@npm:1.2.4":
  version: 1.2.4
  resolution: "@img/sharp-libvips-linux-x64@npm:1.2.4"
  conditions: os=linux & cpu=x64 & libc=glibc
  languageName: node
  linkType: hard

"@img/sharp-libvips-linuxmusl-arm64@npm:1.2.4":
  version: 1.2.4
  resolution: "@img/sharp-libvips-linuxmusl-arm64@npm:1.2.4"
  conditions: os=linux & cpu=arm64 & libc=musl
  languageName: node
  linkType: hard

"@img/sharp-libvips-linuxmusl-x64@npm:1.2.4":
  version: 1.2.4
  resolution: "@img/sharp-libvips-linuxmusl-x64@npm:1.2.4"
  conditions: os=linux & cpu=x64 & libc=musl
  languageName: node
  linkType: hard

"@img/sharp-linux-arm64@npm:0.34.5":
  version: 0.34.5
  resolution: "@img/sharp-linux-arm64@npm:0.34.5"
  dependencies:
    "@img/sharp-libvips-linux-arm64": "npm:1.2.4"
  dependenciesMeta:
    "@img/sharp-libvips-linux-arm64":
      optional: true
  conditions: os=linux & cpu=arm64 & libc=glibc
  languageName: node
  linkType: hard

"@img/sharp-linux-arm@npm:0.34.5":
  version: 0.34.5
  resolution: "@img/sharp-linux-arm@npm:0.34.5"
  dependencies:
    "@img/sharp-libvips-linux-arm": "npm:1.2.4"
  dependenciesMeta:
    "@img/sharp-libvips-linux-arm":
      optional: true
  conditions: os=linux & cpu=arm & libc=glibc
  languageName: node
  linkType: hard

"@img/sharp-linux-ppc64@npm:0.34.5":
  version: 0.34.5
  resolution: "@img/sharp-linux-ppc64@npm:0.34.5"
  dependencies:
    "@img/sharp-libvips-linux-ppc64": "npm:1.2.4"
  dependenciesMeta:
    "@img/sharp-libvips-linux-ppc64":
      optional: true
  conditions: os=linux & cpu=ppc64 & libc=glibc
  languageName: node
  linkType: hard

"@img/sharp-linux-riscv64@npm:0.34.5":
  version: 0.34.5
  resolution: "@img/sharp-linux-riscv64@npm:0.34.5"
  dependencies:
    "@img/sharp-libvips-linux-riscv64": "npm:1.2.4"
  dependenciesMeta:
    "@img/sharp-libvips-linux-riscv64":
      optional: true
  conditions: os=linux & cpu=riscv64 & libc=glibc
  languageName: node
  linkType: hard

"@img/sharp-linux-s390x@npm:0.34.5":
  version: 0.34.5
  resolution: "@img/sharp-linux-s390x@npm:0.34.5"
  dependencies:
    "@img/sharp-libvips-linux-s390x": "npm:1.2.4"
  dependenciesMeta:
    "@img/sharp-libvips-linux-s390x":
      optional: true
  conditions: os=linux & cpu=s390x & libc=glibc
  languageName: node
  linkType: hard

"@img/sharp-linux-x64@npm:0.34.5":
  version: 0.34.5
  resolution: "@img/sharp-linux-x64@npm:0.34.5"
  dependencies:
    "@img/sharp-libvips-linux-x64": "npm:1.2.4"
  dependenciesMeta:
    "@img/sharp-libvips-linux-x64":
      optional: true
  conditions: os=linux & cpu=x64 & libc=glibc
  languageName: node
  linkType: hard

"@img/sharp-linuxmusl-arm64@npm:0.34.5":
  version: 0.34.5
  resolution: "@img/sharp-linuxmusl-arm64@npm:0.34.5"
  dependencies:
    "@img/sharp-libvips-linuxmusl-arm64": "npm:1.2.4"
  dependenciesMeta:
    "@img/sharp-libvips-linuxmusl-arm64":
      optional: true
  conditions: os=linux & cpu=arm64 & libc=musl
  languageName: node
  linkType: hard

"@img/sharp-linuxmusl-x64@npm:0.34.5":
  version: 0.34.5
  resolution: "@img/sharp-linuxmusl-x64@npm:0.34.5"
  dependencies:
    "@img/sharp-libvips-linuxmusl-x64": "npm:1.2.4"
  dependenciesMeta:
    "@img/sharp-libvips-linuxmusl-x64":
      optional: true
  conditions: os=linux & cpu=x64 & libc=musl
  languageName: node
  linkType: hard

"@img/sharp-wasm32@npm:0.34.5":
  version: 0.34.5
  resolution: "@img/sharp-wasm32@npm:0.34.5"
  dependencies:
    "@emnapi/runtime": "npm:^1.7.0"
  conditions: cpu=wasm32
  languageName: node
  linkType: hard

"@img/sharp-win32-arm64@npm:0.34.5":
  version: 0.34.5
  resolution: "@img/sharp-win32-arm64@npm:0.34.5"
  conditions: os=win32 & cpu=arm64
  languageName: node
  linkType: hard

"@img/sharp-win32-ia32@npm:0.34.5":
  version: 0.34.5
  resolution: "@img/sharp-win32-ia32@npm:0.34.5"
  conditions: os=win32 & cpu=ia32
  languageName: node
  linkType: hard

"@img/sharp-win32-x64@npm:0.34.5":
  version: 0.34.5
  resolution: "@img/sharp-win32-x64@npm:0.34.5"
  conditions: os=win32 & cpu=x64
  languageName: node
  linkType: hard

"@next/env@npm:15.5.12":
  version: 15.5.12
  resolution: "@next/env@npm:15.5.12"
  checksum: 10c0/69710647b93ef21dcfccc9ee2bb03a09eb12417e0850f5ed05a3a2b043d42ab3fe07d18380d1ed1a86e2b465116819394deb9b27e69cae9692c5450f52d5694e
  languageName: node
  linkType: hard

"@next/swc-darwin-arm64@npm:15.5.12":
  version: 15.5.12
  resolution: "@next/swc-darwin-arm64@npm:15.5.12"
  conditions: os=darwin & cpu=arm64
  languageName: node
  linkType: hard

"@next/swc-darwin-x64@npm:15.5.12":
  version: 15.5.12
  resolution: "@next/swc-darwin-x64@npm:15.5.12"
  conditions: os=darwin & cpu=x64
  languageName: node
  linkType: hard

"@next/swc-linux-arm64-gnu@npm:15.5.12":
  version: 15.5.12
  resolution: "@next/swc-linux-arm64-gnu@npm:15.5.12"
  conditions: os=linux & cpu=arm64 & libc=glibc
  languageName: node
  linkType: hard

"@next/swc-linux-arm64-musl@npm:15.5.12":
  version: 15.5.12
  resolution: "@next/swc-linux-arm64-musl@npm:15.5.12"
  conditions: os=linux & cpu=arm64 & libc=musl
  languageName: node
  linkType: hard

"@next/swc-linux-x64-gnu@npm:15.5.12":
  version: 15.5.12
  resolution: "@next/swc-linux-x64-gnu@npm:15.5.12"
  conditions: os=linux & cpu=x64 & libc=glibc
  languageName: node
  linkType: hard

"@next/swc-linux-x64-musl@npm:15.5.12":
  version: 15.5.12
  resolution: "@next/swc-linux-x64-musl@npm:15.5.12"
  conditions: os=linux & cpu=x64 & libc=musl
  languageName: node
  linkType: hard

"@next/swc-win32-arm64-msvc@npm:15.5.12":
  version: 15.5.12
  resolution: "@next/swc-win32-arm64-msvc@npm:15.5.12"
  conditions: os=win32 & cpu=arm64
  languageName: node
  linkType: hard

"@next/swc-win32-x64-msvc@npm:15.5.12":
  version: 15.5.12
  resolution: "@next/swc-win32-x64-msvc@npm:15.5.12"
  conditions: os=win32 & cpu=x64
  languageName: node
  linkType: hard

"@swc/helpers@npm:0.5.15":
  version: 0.5.15
  resolution: "@swc/helpers@npm:0.5.15"
  dependencies:
    tslib: "npm:^2.8.0"
  checksum: 10c0/33002f74f6f885f04c132960835fdfc474186983ea567606db62e86acd0680ca82f34647e8e610f4e1e422d1c16fce729dde22cd3b797ab1fd9061a825dabca4
  languageName: node
  linkType: hard

"@types/node@npm:^20":
  version: 20.19.43
  resolution: "@types/node@npm:20.19.43"
  dependencies:
    undici-types: "npm:~6.21.0"
  checksum: 10c0/9bcec3b5295bdd77ff0b44a528a69f7e22028c347507ba2c69be47ec84e30299f45043b222e9c86c510e138c9c53b2419dd5cd34920602a4a5a381c288075318
  languageName: node
  linkType: hard

"@types/react-dom@npm:^19":
  version: 19.3.0
  resolution: "@types/react-dom@npm:19.3.0"
  peerDependencies:
    "@types/react": ^19.3.0
  checksum: 10c0/ce0066d28b62bc6afdd17ca84756b8fbe0f6ffc0c8b1e60739abc30e81510da2edbc1007e6ab3d974d30f5a8c25bb0f7de8d7ce09736c909fe84c0f9aed0b946
  languageName: node
  linkType: hard

"@types/react@npm:^19":
  version: 19.3.0
  resolution: "@types/react@npm:19.3.0"
  dependencies:
    csstype: "npm:^3.2.2"
  checksum: 10c0/fbcabf303f935ca9f36ed2dcf81751cf84744098c5a683c8a62a0fa7edd31714b48d5c46b12fd0014f7f2dfe4d9ec6de428a850748eec719a70294e51029551b
  languageName: node
  linkType: hard

"caniuse-lite@npm:^1.0.30001579":
  version: 1.0.30001810
  resolution: "caniuse-lite@npm:1.0.30001810"
  checksum: 10c0/d29bc73f33c888025d54c7ff2984372d3b350b15a6a9e174884fb40976175e9177f202e2a72c2d428dddfc032784bc8ba635a31d168fcab9fac65756d7b3d6b4
  languageName: node
  linkType: hard

"client-only@npm:0.0.1":
  version: 0.0.1
  resolution: "client-only@npm:0.0.1"
  checksum: 10c0/9d6cfd0c19e1c96a434605added99dff48482152af791ec4172fb912a71cff9027ff174efd8cdb2160cc7f377543e0537ffc462d4f279bc4701de3f2a3c4b358
  languageName: node
  linkType: hard

"csstype@npm:^3.2.2":
  version: 3.2.3
  resolution: "csstype@npm:3.2.3"
  checksum: 10c0/cd29c51e70fa822f1cecd8641a1445bed7063697469d35633b516e60fe8c1bde04b08f6c5b6022136bb669b64c63d4173af54864510fbb4ee23281801841a3ce
  languageName: node
  linkType: hard

"detect-libc@npm:^2.1.2":
  version: 2.1.2
  resolution: "detect-libc@npm:2.1.2"
  checksum: 10c0/acc675c29a5649fa1fb6e255f993b8ee829e510b6b56b0910666949c80c364738833417d0edb5f90e4e46be17228b0f2b66a010513984e18b15deeeac49369c4
  languageName: node
  linkType: hard

"digital-sippoy@workspace:.":
  version: 0.0.0-use.local
  resolution: "digital-sippoy@workspace:."
  dependencies:
    "@types/node": "npm:^20"
    "@types/react": "npm:^19"
    "@types/react-dom": "npm:^19"
    next: "npm:15.5.12"
    react: "npm:19.1.0"
    react-dom: "npm:19.1.0"
    typescript: "npm:^5"
  languageName: unknown
  linkType: soft

"nanoid@npm:^3.3.6":
  version: 3.3.19
  resolution: "nanoid@npm:3.3.19"
  bin:
    nanoid: bin/nanoid.cjs
  checksum: 10c0/ce7afa6258bfaa00bdc8de291cfe9913280eaa403b7d9cff3db4e4200c1913e7163577df74897958da144db473a96c67f74f57db0f542fbfe409df677bae3255
  languageName: node
  linkType: hard

"next@npm:15.5.12":
  version: 15.5.12
  resolution: "next@npm:15.5.12"
  dependencies:
    "@next/env": "npm:15.5.12"
    "@next/swc-darwin-arm64": "npm:15.5.12"
    "@next/swc-darwin-x64": "npm:15.5.12"
    "@next/swc-linux-arm64-gnu": "npm:15.5.12"
    "@next/swc-linux-arm64-musl": "npm:15.5.12"
    "@next/swc-linux-x64-gnu": "npm:15.5.12"
    "@next/swc-linux-x64-musl": "npm:15.5.12"
    "@next/swc-win32-arm64-msvc": "npm:15.5.12"
    "@next/swc-win32-x64-msvc": "npm:15.5.12"
    "@swc/helpers": "npm:0.5.15"
    caniuse-lite: "npm:^1.0.30001579"
    postcss: "npm:8.4.31"
    sharp: "npm:^0.34.3"
    styled-jsx: "npm:5.1.6"
  peerDependencies:
    "@opentelemetry/api": ^1.1.0
    "@playwright/test": ^1.51.1
    babel-plugin-react-compiler: "*"
    react: ^18.2.0 || 19.0.0-rc-de68d2f4-20241204 || ^19.0.0
    react-dom: ^18.2.0 || 19.0.0-rc-de68d2f4-20241204 || ^19.0.0
    sass: ^1.3.0
  dependenciesMeta:
    "@next/swc-darwin-arm64":
      optional: true
    "@next/swc-darwin-x64":
      optional: true
    "@next/swc-linux-arm64-gnu":
      optional: true
    "@next/swc-linux-arm64-musl":
      optional: true
    "@next/swc-linux-x64-gnu":
      optional: true
    "@next/swc-linux-x64-musl":
      optional: true
    "@next/swc-win32-arm64-msvc":
      optional: true
    "@next/swc-win32-x64-msvc":
      optional: true
    sharp:
      optional: true
  peerDependenciesMeta:
    "@opentelemetry/api":
      optional: true
    "@playwright/test":
      optional: true
    babel-plugin-react-compiler:
      optional: true
    sass:
      optional: true
  bin:
    next: dist/bin/next
  checksum: 10c0/90fb1614ba09511c6f985dd548531816473fc08f77465f72cd295c6e76325deee64551921b58f853c0d74cc6eeaa03ddaaeb41d3996e1beeb2cb4b9123dc2331
  languageName: node
  linkType: hard

"picocolors@npm:^1.0.0":
  version: 1.1.1
  resolution: "picocolors@npm:1.1.1"
  checksum: 10c0/e2e3e8170ab9d7c7421969adaa7e1b31434f789afb9b3f115f6b96d91945041ac3ceb02e9ec6fe6510ff036bcc0bf91e69a1772edc0b707e12b19c0f2d6bcf58
  languageName: node
  linkType: hard

"postcss@npm:8.4.31":
  version: 8.4.31
  resolution: "postcss@npm:8.4.31"
  dependencies:
    nanoid: "npm:^3.3.6"
    picocolors: "npm:^1.0.0"
    source-map-js: "npm:^1.0.2"
  checksum: 10c0/748b82e6e5fc34034dcf2ae88ea3d11fd09f69b6c50ecdd3b4a875cfc7cdca435c958b211e2cb52355422ab6fccb7d8f2f2923161d7a1b281029e4a913d59acf
  languageName: node
  linkType: hard

"react-dom@npm:19.1.0":
  version: 19.1.0
  resolution: "react-dom@npm:19.1.0"
  dependencies:
    scheduler: "npm:^0.26.0"
  peerDependencies:
    react: ^19.1.0
  checksum: 10c0/3e26e89bb6c67c9a6aa86cb888c7a7f8258f2e347a6d2a15299c17eb16e04c19194e3452bc3255bd34000a61e45e2cb51e46292392340432f133e5a5d2dfb5fc
  languageName: node
  linkType: hard

"react@npm:19.1.0":
  version: 19.1.0
  resolution: "react@npm:19.1.0"
  checksum: 10c0/530fb9a62237d54137a13d2cfb67a7db6a2156faed43eecc423f4713d9b20c6f2728b026b45e28fcd72e8eadb9e9ed4b089e99f5e295d2f0ad3134251bdd3698
  languageName: node
  linkType: hard

"scheduler@npm:^0.26.0":
  version: 0.26.0
  resolution: "scheduler@npm:0.26.0"
  checksum: 10c0/5b8d5bfddaae3513410eda54f2268e98a376a429931921a81b5c3a2873aab7ca4d775a8caac5498f8cbc7d0daeab947cf923dbd8e215d61671f9f4e392d34356
  languageName: node
  linkType: hard

"semver@npm:^7.7.3":
  version: 7.8.5
  resolution: "semver@npm:7.8.5"
  bin:
    semver: bin/semver.js
  checksum: 10c0/b1f3127a5be8125a94f37188b361c212466c292c6910adce3ec106cff5dc211ccaedc4739c11bb70fda59d6fc1f040a9bca289f4e093451521a2372e5231fe0c
  languageName: node
  linkType: hard

"sharp@npm:^0.34.3":
  version: 0.34.5
  resolution: "sharp@npm:0.34.5"
  dependencies:
    "@img/colour": "npm:^1.0.0"
    "@img/sharp-darwin-arm64": "npm:0.34.5"
    "@img/sharp-darwin-x64": "npm:0.34.5"
    "@img/sharp-libvips-darwin-arm64": "npm:1.2.4"
    "@img/sharp-libvips-darwin-x64": "npm:1.2.4"
    "@img/sharp-libvips-linux-arm": "npm:1.2.4"
    "@img/sharp-libvips-linux-arm64": "npm:1.2.4"
    "@img/sharp-libvips-linux-ppc64": "npm:1.2.4"
    "@img/sharp-libvips-linux-riscv64": "npm:1.2.4"
    "@img/sharp-libvips-linux-s390x": "npm:1.2.4"
    "@img/sharp-libvips-linux-x64": "npm:1.2.4"
    "@img/sharp-libvips-linuxmusl-arm64": "npm:1.2.4"
    "@img/sharp-libvips-linuxmusl-x64": "npm:1.2.4"
    "@img/sharp-linux-arm": "npm:0.34.5"
    "@img/sharp-linux-arm64": "npm:0.34.5"
    "@img/sharp-linux-ppc64": "npm:0.34.5"
    "@img/sharp-linux-riscv64": "npm:0.34.5"
    "@img/sharp-linux-s390x": "npm:0.34.5"
    "@img/sharp-linux-x64": "npm:0.34.5"
    "@img/sharp-linuxmusl-arm64": "npm:0.34.5"
    "@img/sharp-linuxmusl-x64": "npm:0.34.5"
    "@img/sharp-wasm32": "npm:0.34.5"
    "@img/sharp-win32-arm64": "npm:0.34.5"
    "@img/sharp-win32-ia32": "npm:0.34.5"
    "@img/sharp-win32-x64": "npm:0.34.5"
    detect-libc: "npm:^2.1.2"
    semver: "npm:^7.7.3"
  dependenciesMeta:
    "@img/sharp-darwin-arm64":
      optional: true
    "@img/sharp-darwin-x64":
      optional: true
    "@img/sharp-libvips-darwin-arm64":
      optional: true
    "@img/sharp-libvips-darwin-x64":
      optional: true
    "@img/sharp-libvips-linux-arm":
      optional: true
    "@img/sharp-libvips-linux-arm64":
      optional: true
    "@img/sharp-libvips-linux-ppc64":
      optional: true
    "@img/sharp-libvips-linux-riscv64":
      optional: true
    "@img/sharp-libvips-linux-s390x":
      optional: true
    "@img/sharp-libvips-linux-x64":
      optional: true
    "@img/sharp-libvips-linuxmusl-arm64":
      optional: true
    "@img/sharp-libvips-linuxmusl-x64":
      optional: true
    "@img/sharp-linux-arm":
      optional: true
    "@img/sharp-linux-arm64":
      optional: true
    "@img/sharp-linux-ppc64":
      optional: true
    "@img/sharp-linux-riscv64":
      optional: true
    "@img/sharp-linux-s390x":
      optional: true
    "@img/sharp-linux-x64":
      optional: true
    "@img/sharp-linuxmusl-arm64":
      optional: true
    "@img/sharp-linuxmusl-x64":
      optional: true
    "@img/sharp-wasm32":
      optional: true
    "@img/sharp-win32-arm64":
      optional: true
    "@img/sharp-win32-ia32":
      optional: true
    "@img/sharp-win32-x64":
      optional: true
  checksum: 10c0/fd79e29df0597a7d5704b8461c51f944ead91a5243691697be6e8243b966402beda53ddc6f0a53b96ea3cb8221f0b244aa588114d3ebf8734fb4aefd41ab802f
  languageName: node
  linkType: hard

"source-map-js@npm:^1.0.2":
  version: 1.2.1
  resolution: "source-map-js@npm:1.2.1"
  checksum: 10c0/7bda1fc4c197e3c6ff17de1b8b2c20e60af81b63a52cb32ec5a5d67a20a7d42651e2cb34ebe93833c5a2a084377e17455854fee3e21e7925c64a51b6a52b0faf
  languageName: node
  linkType: hard

"styled-jsx@npm:5.1.6":
  version: 5.1.6
  resolution: "styled-jsx@npm:5.1.6"
  dependencies:
    client-only: "npm:0.0.1"
  peerDependencies:
    react: ">= 16.8.0 || 17.x.x || ^18.0.0-0 || ^19.0.0-0"
  peerDependenciesMeta:
    "@babel/core":
      optional: true
    babel-plugin-macros:
      optional: true
  checksum: 10c0/ace50e7ea5ae5ae6a3b65a50994c51fca6ae7df9c7ecfd0104c36be0b4b3a9c5c1a2374d16e2a11e256d0b20be6d47256d768ecb4f91ab390f60752a075780f5
  languageName: node
  linkType: hard

"tslib@npm:^2.4.0, tslib@npm:^2.8.0":
  version: 2.8.1
  resolution: "tslib@npm:2.8.1"
  checksum: 10c0/9c4759110a19c53f992d9aae23aac5ced636e99887b51b9e61def52611732872ff7668757d4e4c61f19691e36f4da981cd9485e869b4a7408d689f6bf1f14e62
  languageName: node
  linkType: hard

"typescript@npm:^5":
  version: 5.9.3
  resolution: "typescript@npm:5.9.3"
  bin:
    tsc: bin/tsc
    tsserver: bin/tsserver
  checksum: 10c0/6bd7552ce39f97e711db5aa048f6f9995b53f1c52f7d8667c1abdc1700c68a76a308f579cd309ce6b53646deb4e9a1be7c813a93baaf0a28ccd536a30270e1c5
  languageName: node
  linkType: hard

"typescript@patch:typescript@npm%3A^5#optional!builtin<compat/typescript>":
  version: 5.9.3
  resolution: "typescript@patch:typescript@npm%3A5.9.3#optional!builtin<compat/typescript>::version=5.9.3&hash=5786d5"
  bin:
    tsc: bin/tsc
    tsserver: bin/tsserver
  checksum: 10c0/ad09fdf7a756814dce65bc60c1657b40d44451346858eea230e10f2e95a289d9183b6e32e5c11e95acc0ccc214b4f36289dcad4bf1886b0adb84d711d336a430
  languageName: node
  linkType: hard

"undici-types@npm:~6.21.0":
  version: 6.21.0
  resolution: "undici-types@npm:6.21.0"
  checksum: 10c0/c01ed51829b10aa72fc3ce64b747f8e74ae9b60eafa19a7b46ef624403508a54c526ffab06a14a26b3120d055e1104d7abe7c9017e83ced038ea5cf52f8d5e04
  languageName: node
  linkType: hard
